
Microsoft Visual Studio Solution File, Format Version 12.00
# Visual Studio Version 17
VisualStudioVersion = 17.10.35013.160
MinimumVisualStudioVersion = 10.0.40219.1
Project("{FAE04EC0-301F-11D3-BF4B-00C04F79EFBC}") = "EmployeeManagementAPI", "EmployeeManagementAPI.csproj", "{7786D987-FB8B-457A-A978-844D8FF43EB5}"
EndProject
Global
	GlobalSection(SolutionConfigurationPlatforms) = preSolution
		Debug|Any CPU = Debug|Any CPU
		Release|Any CPU = Release|Any CPU
	EndGlobalSection
	GlobalSection(ProjectConfigurationPlatforms) = postSolution
		{7786D987-FB8B-457A-A978-844D8FF43EB5}.Debug|Any CPU.ActiveCfg = Debug|Any CPU
		{7786D987-FB8B-457A-A978-844D8FF43EB5}.Debug|Any CPU.Build.0 = Debug|Any CPU
		{7786D987-FB8B-457A-A978-844D8FF43EB5}.Release|Any CPU.ActiveCfg = Release|Any CPU
		{7786D987-FB8B-457A-A978-844D8FF43EB5}.Release|Any CPU.Build.0 = Release|Any CPU
	EndGlobalSection
	GlobalSection(SolutionProperties) = preSolution
		HideSolutionNode = FALSE
	EndGlobalSection
	GlobalSection(ExtensibilityGlobals) = postSolution
		SolutionGuid = {B9665FF1-C0F1-4C8F-ACDC-4C0FD810D361}
	EndGlobalSection
EndGlobal
